Microsoft Visual Studio Solution File, Format Version 12.00
# Visual Studio Version 17
VisualStudioVersion = 17.5.2.0
MinimumVisualStudioVersion = 10.0.40219.1
Project("{FAE04EC0-301F-11D3-BF4B-00C04F79EFBC}") = "Agent.WithApproval", "Agent.WithApproval.csproj", "{2FC2A062-1109-FF86-16D3-D67F90D283BB}"
EndProject
Global
	GlobalSection(SolutionConfigurationPlatforms) = preSolution
		Debug|Any CPU = Debug|Any CPU
		Release|Any CPU = Release|Any CPU
	EndGlobalSection
	GlobalSection(ProjectConfigurationPlatforms) = postSolution
		{2FC2A062-1109-FF86-16D3-D67F90D283BB}.Debug|Any CPU.ActiveCfg = Debug|Any CPU
		{2FC2A062-1109-FF86-16D3-D67F90D283BB}.Debug|Any CPU.Build.0 = Debug|Any CPU
		{2FC2A062-1109-FF86-16D3-D67F90D283BB}.Release|Any CPU.ActiveCfg = Release|Any CPU
		{2FC2A062-1109-FF86-16D3-D67F90D283BB}.Release|Any CPU.Build.0 = Release|Any CPU
	EndGlobalSection
	GlobalSection(SolutionProperties) = preSolution
		HideSolutionNode = FALSE
	EndGlobalSection
	GlobalSection(ExtensibilityGlobals) = postSolution
		SolutionGuid = {A64C7A4A-8D7A-40B7-9D35-4EBD49A8503B}
	EndGlobalSection
EndGlobal
